
Microsoft Visual Studio Solution File, Format Version 12.00
# Visual Studio Version 17
VisualStudioVersion = 17.5.002.0
MinimumVisualStudioVersion = 10.0.40219.1
Project("{9A19103F-16F7-4668-BE54-9A1E7A4F7556}") = "BulkyWeb", "BulkyWeb.csproj", "{33951610-F20F-4BD6-BD8D-54B1537470FE}"
EndProject
Global
	GlobalSection(SolutionConfigurationPlatforms) = preSolution
		Debug|Any CPU = Debug|Any CPU
		Release|Any CPU = Release|Any CPU
	EndGlobalSection
	GlobalSection(ProjectConfigurationPlatforms) = postSolution
		{33951610-F20F-4BD6-BD8D-54B1537470FE}.Debug|Any CPU.ActiveCfg = Debug|Any CPU
		{33951610-F20F-4BD6-BD8D-54B1537470FE}.Debug|Any CPU.Build.0 = Debug|Any CPU
		{33951610-F20F-4BD6-BD8D-54B1537470FE}.Release|Any CPU.ActiveCfg = Release|Any CPU
		{33951610-F20F-4BD6-BD8D-54B1537470FE}.Release|Any CPU.Build.0 = Release|Any CPU
	EndGlobalSection
	GlobalSection(SolutionProperties) = preSolution
		HideSolutionNode = FALSE
	EndGlobalSection
	GlobalSection(ExtensibilityGlobals) = postSolution
		SolutionGuid = {2FD99B70-B694-448A-816A-934202974695}
	EndGlobalSection
EndGlobal
